
Microsoft Visual Studio Solution File, Format Version 12.00
# Visual Studio Version 17
VisualStudioVersion = 17.0.32014.148
MinimumVisualStudioVersion = 10.0.40219.1
Project("{9A19103F-16F7-4668-BE54-9A1E7A4F7556}") = "CoreDemo", "CoreDemo\CoreDemo.csproj", "{36D66D57-EDB9-4F93-9BB3-2E23A5C15E12}"
EndProject
Project("{FAE04EC0-301F-11D3-BF4B-00C04F79EFBC}") = "EntityLayer", "EntityLayer\EntityLayer.csproj", "{F72AB73D-7CDA-4381-AB11-51273D9BF104}"
EndProject
Project("{FAE04EC0-301F-11D3-BF4B-00C04F79EFBC}") = "DataAccessLayer", "DataAccessLayer\DataAccessLayer.csproj", "{12D04E2C-D3C6-4435-A474-737E8C2D8E08}"
EndProject
Project("{FAE04EC0-301F-11D3-BF4B-00C04F79EFBC}") = "BusinessLayer", "BusinessLayer\BusinessLayer.csproj", "{C94098F4-566E-4568-B4CF-44F50A220441}"
EndProject
Project("{FAE04EC0-301F-11D3-BF4B-00C04F79EFBC}") = "CoreLayer", "CoreLayer\CoreLayer.csproj", "{379D7896-066E-4D79-80AE-4E2A1B25CF54}"
EndProject
Global
	GlobalSection(SolutionConfigurationPlatforms) = preSolution
		Debug|Any CPU = Debug|Any CPU
		Release|Any CPU = Release|Any CPU
	EndGlobalSection
	GlobalSection(ProjectConfigurationPlatforms) = postSolution
		{36D66D57-EDB9-4F93-9BB3-2E23A5C15E12}.Debug|Any CPU.ActiveCfg = Debug|Any CPU
		{36D66D57-EDB9-4F93-9BB3-2E23A5C15E12}.Debug|Any CPU.Build.0 = Debug|Any CPU
		{36D66D57-EDB9-4F93-9BB3-2E23A5C15E12}.Release|Any CPU.ActiveCfg = Release|Any CPU
		{36D66D57-EDB9-4F93-9BB3-2E23A5C15E12}.Release|Any CPU.Build.0 = Release|Any CPU
		{F72AB73D-7CDA-4381-AB11-51273D9BF104}.Debug|Any CPU.ActiveCfg = Debug|Any CPU
		{F72AB73D-7CDA-4381-AB11-51273D9BF104}.Debug|Any CPU.Build.0 = Debug|Any CPU
		{F72AB73D-7CDA-4381-AB11-51273D9BF104}.Release|Any CPU.ActiveCfg = Release|Any CPU
		{F72AB73D-7CDA-4381-AB11-51273D9BF104}.Release|Any CPU.Build.0 = Release|Any CPU
		{12D04E2C-D3C6-4435-A474-737E8C2D8E08}.Debug|Any CPU.ActiveCfg = Debug|Any CPU
		{12D04E2C-D3C6-4435-A474-737E8C2D8E08}.Debug|Any CPU.Build.0 = Debug|Any CPU
		{12D04E2C-D3C6-4435-A474-737E8C2D8E08}.Release|Any CPU.ActiveCfg = Release|Any CPU
		{12D04E2C-D3C6-4435-A474-737E8C2D8E08}.Release|Any CPU.Build.0 = Release|Any CPU
		{C94098F4-566E-4568-B4CF-44F50A220441}.Debug|Any CPU.ActiveCfg = Debug|Any CPU
		{C94098F4-566E-4568-B4CF-44F50A220441}.Debug|Any CPU.Build.0 = Debug|Any CPU
		{C94098F4-566E-4568-B4CF-44F50A220441}.Release|Any CPU.ActiveCfg = Release|Any CPU
		{C94098F4-566E-4568-B4CF-44F50A220441}.Release|Any CPU.Build.0 = Release|Any CPU
		{379D7896-066E-4D79-80AE-4E2A1B25CF54}.Debug|Any CPU.ActiveCfg = Debug|Any CPU
		{379D7896-066E-4D79-80AE-4E2A1B25CF54}.Debug|Any CPU.Build.0 = Debug|Any CPU
		{379D7896-066E-4D79-80AE-4E2A1B25CF54}.Release|Any CPU.ActiveCfg = Release|Any CPU
		{379D7896-066E-4D79-80AE-4E2A1B25CF54}.Release|Any CPU.Build.0 = Release|Any CPU
	EndGlobalSection
	GlobalSection(SolutionProperties) = preSolution
		HideSolutionNode = FALSE
	EndGlobalSection
	GlobalSection(ExtensibilityGlobals) = postSolution
		SolutionGuid = {F7F9F0B5-A552-4732-96E4-CACED4D3E4DC}
	EndGlobalSection
EndGlobal
